
Microsoft Visual Studio Solution File, Format Version 12.00
# Visual Studio Version 16
VisualStudioVersion = 16.0.31129.286
MinimumVisualStudioVersion = 10.0.40219.1
Project("{8BC9CEB8-8B4A-11D0-8D11-00A0C91BC942}") = "Debug_skill_5_14_hw", "Debug_skill_5_14_hw\Debug_skill_5_14_hw.vcxproj", "{8AFEB247-F1C7-4AB8-8BAE-1BC14F8D375A}"
EndProject
Global
	GlobalSection(SolutionConfigurationPlatforms) = preSolution
		Debug|x64 = Debug|x64
		Debug|x86 = Debug|x86
		Release|x64 = Release|x64
		Release|x86 = Release|x86
	EndGlobalSection
	GlobalSection(ProjectConfigurationPlatforms) = postSolution
		{8AFEB247-F1C7-4AB8-8BAE-1BC14F8D375A}.Debug|x64.ActiveCfg = Debug|x64
		{8AFEB247-F1C7-4AB8-8BAE-1BC14F8D375A}.Debug|x64.Build.0 = Debug|x64
		{8AFEB247-F1C7-4AB8-8BAE-1BC14F8D375A}.Debug|x86.ActiveCfg = Debug|Win32
		{8AFEB247-F1C7-4AB8-8BAE-1BC14F8D375A}.Debug|x86.Build.0 = Debug|Win32
		{8AFEB247-F1C7-4AB8-8BAE-1BC14F8D375A}.Release|x64.ActiveCfg = Release|x64
		{8AFEB247-F1C7-4AB8-8BAE-1BC14F8D375A}.Release|x64.Build.0 = Release|x64
		{8AFEB247-F1C7-4AB8-8BAE-1BC14F8D375A}.Release|x86.ActiveCfg = Release|Win32
		{8AFEB247-F1C7-4AB8-8BAE-1BC14F8D375A}.Release|x86.Build.0 = Release|Win32
	EndGlobalSection
	GlobalSection(SolutionProperties) = preSolution
		HideSolutionNode = FALSE
	EndGlobalSection
	GlobalSection(ExtensibilityGlobals) = postSolution
		SolutionGuid = {4B81C9F6-8B1A-4212-A3DC-480628F1FFDE}
	EndGlobalSection
EndGlobal
