
Microsoft Visual Studio Solution File, Format Version 12.00
# Visual Studio Version 16
VisualStudioVersion = 16.0.31129.286
MinimumVisualStudioVersion = 10.0.40219.1
Project("{8BC9CEB8-8B4A-11D0-8D11-00A0C91BC942}") = "first_knowledge_hw", "first_knowledge_hw\first_knowledge_hw.vcxproj", "{1C6CA2E0-0282-4F03-B452-25823F1776FC}"
EndProject
Global
	GlobalSection(SolutionConfigurationPlatforms) = preSolution
		Debug|x64 = Debug|x64
		Debug|x86 = Debug|x86
		Release|x64 = Release|x64
		Release|x86 = Release|x86
	EndGlobalSection
	GlobalSection(ProjectConfigurationPlatforms) = postSolution
		{1C6CA2E0-0282-4F03-B452-25823F1776FC}.Debug|x64.ActiveCfg = Debug|x64
		{1C6CA2E0-0282-4F03-B452-25823F1776FC}.Debug|x64.Build.0 = Debug|x64
		{1C6CA2E0-0282-4F03-B452-25823F1776FC}.Debug|x86.ActiveCfg = Debug|Win32
		{1C6CA2E0-0282-4F03-B452-25823F1776FC}.Debug|x86.Build.0 = Debug|Win32
		{1C6CA2E0-0282-4F03-B452-25823F1776FC}.Release|x64.ActiveCfg = Release|x64
		{1C6CA2E0-0282-4F03-B452-25823F1776FC}.Release|x64.Build.0 = Release|x64
		{1C6CA2E0-0282-4F03-B452-25823F1776FC}.Release|x86.ActiveCfg = Release|Win32
		{1C6CA2E0-0282-4F03-B452-25823F1776FC}.Release|x86.Build.0 = Release|Win32
	EndGlobalSection
	GlobalSection(SolutionProperties) = preSolution
		HideSolutionNode = FALSE
	EndGlobalSection
	GlobalSection(ExtensibilityGlobals) = postSolution
		SolutionGuid = {8ECA2C48-40FD-48F3-BB1E-3D9A8568680C}
	EndGlobalSection
EndGlobal
